{
  "requires": true,
  "lockfileVersion": 1,
  "dependencies": {
    "asynckit": {
      "version": "0.4.0",
      "resolved": "https://registry.npmjs.org/asynckit/-/asynckit-0.4.0.tgz",
      "integrity": "sha1-x57Zf380y48robyXkLzDZkdLS3k="
    },
    "combined-stream": {
      "version": "1.0.6",
      "resolved": "https://registry.npmjs.org/combined-stream/-/combined-stream-1.0.6.tgz",
      "integrity": "sha1-cj599ugBrFYTETp+RFqbactjKBg=",
      "requires": {
        "delayed-stream": "~1.0.0"
      }
    },
    "delayed-stream": {
      "version": "1.0.0",
      "resolved": "https://registry.npmjs.org/delayed-stream/-/delayed-stream-1.0.0.tgz",
      "integrity": "sha1-3zrhmayt+31ECqrgsp4icrJOxhk="
    },
    "errno": {
      "version": "0.1.7",
      "resolved": "https://registry.npmjs.org/errno/-/errno-0.1.7.tgz",
      "integrity": "sha512-MfrRBDWzIWifgq6tJj60gkAwtLNb6sQPlcFrSOflcP1aFmmruKQ2wRnze/8V6kgyz7H3FF8Npzv78mZ7XLLflg==",
      "requires": {
        "prr": "~1.0.1"
      }
    },
    "form-data": {
      "version": "2.3.2",
      "resolved": "https://registry.npmjs.org/form-data/-/form-data-2.3.2.tgz",
      "integrity": "sha1-SXBJi+YEwgwAXU9cI67NIda0kJk=",
      "requires": {
        "asynckit": "^0.4.0",
        "combined-stream": "1.0.6",
        "mime-types": "^2.1.12"
      }
    },
    "mime-db": {
      "version": "1.49.0",
      "resolved": "https://registry.npmjs.org/mime-db/-/mime-db-1.49.0.tgz",
      "integrity": "sha512-CIc8j9URtOVApSFCQIF+VBkX1RwXp/oMMOrqdyXSBXq5RWNEsRfyj1kiRnQgmNXmHxPoFIxOroKA3zcU9P+nAA=="
    },
    "mime-types": {
      "version": "2.1.32",
      "resolved": "https://registry.npmjs.org/mime-types/-/mime-types-2.1.32.tgz",
      "integrity": "sha512-hJGaVS4G4c9TSMYh2n6SQAGrC4RnfU+daP8G7cSCmaqNjiOoUY0VHCMS42pxnQmVF1GWwFhbHWn3RIxCqTmZ9A==",
      "requires": {
        "mime-db": "1.49.0"
      }
    },
    "pixl-class": {
      "version": "1.0.3",
      "resolved": "https://registry.npmjs.org/pixl-class/-/pixl-class-1.0.3.tgz",
      "integrity": "sha512-YS3MS4IuBNvy1gAuMJtQiZPMdmRjK2EwqomJNUG3PJtCz5bbG5MWgY7xV780jx/2oIj/IHNYGyZmfqQRs0KTZw=="
    },
    "pixl-perf": {
      "version": "1.0.7",
      "resolved": "https://registry.npmjs.org/pixl-perf/-/pixl-perf-1.0.7.tgz",
      "integrity": "sha512-V0r15m/obM6Fe1cpFLw+CDyCNfN+9Q1J0ua+QBQhX+EWR0MqKotbAV6aGJ2i4wphK+73+UPV/5xYxJTdoHdBag==",
      "requires": {
        "pixl-class": "^1.0.0"
      }
    },
    "pixl-request": {
      "version": "1.0.37",
      "resolved": "https://registry.npmjs.org/pixl-request/-/pixl-request-1.0.37.tgz",
      "integrity": "sha512-Bqx1X/7bH0yVVrcGKLdKpEke9CTcQAraSywpL9BQS5kn0k4lm5kOt9+ZeYKBnxJAoTfAAidZtjKpNkPrS/ScjQ==",
      "requires": {
        "errno": "0.1.7",
        "form-data": "2.3.2",
        "pixl-class": "^1.0.0",
        "pixl-perf": "^1.0.0",
        "pixl-xml": "^1.0.0"
      }
    },
    "pixl-xml": {
      "version": "1.0.13",
      "resolved": "https://registry.npmjs.org/pixl-xml/-/pixl-xml-1.0.13.tgz",
      "integrity": "sha1-W6cUCL3zeZTCOd0BJRwQxTwFh+M="
    },
    "prr": {
      "version": "1.0.1",
      "resolved": "https://registry.npmjs.org/prr/-/prr-1.0.1.tgz",
      "integrity": "sha1-0/wRS6BplaRexok/SEzrHXj19HY="
    }
  }
}
